// !$*UTF8*$!
{
	archiveVersion = 1;
	classes = {
	};
	objectVersion = 56;
	objects = {

/* Begin PBXBuildFile section */
		C243013C2B91BB6700C8A188 /* HomeView.swift in Sources */ = {isa = PBXBuildFile; fileRef = C243013B2B91BB6700C8A188 /* HomeView.swift */; };
		C243013E2B91BC6700C8A188 /* Theme.swift in Sources */ = {isa = PBXBuildFile; fileRef = C243013D2B91BC6700C8A188 /* Theme.swift */; };
		C24301452B91CBD600C8A188 /* PageDataResponse.swift in Sources */ = {isa = PBXBuildFile; fileRef = C24301442B91CBD600C8A188 /* PageDataResponse.swift */; };
		C24301482B91CC7B00C8A188 /* Models.swift in Sources */ = {isa = PBXBuildFile; fileRef = C24301472B91CC7B00C8A188 /* Models.swift */; };
		C243014A2B91CCD600C8A188 /* StaticJSONMapper.swift in Sources */ = {isa = PBXBuildFile; fileRef = C24301492B91CCD600C8A188 /* StaticJSONMapper.swift */; };
		C243014F2B91D54B00C8A188 /* Symbols.swift in Sources */ = {isa = PBXBuildFile; fileRef = C243014E2B91D54B00C8A188 /* Symbols.swift */; };
		C243015B2B91D8DB00C8A188 /* SensorCardView.swift in Sources */ = {isa = PBXBuildFile; fileRef = C243015A2B91D8DB00C8A188 /* SensorCardView.swift */; };
		C24301632B91DC6C00C8A188 /* LatestUseResponse.swift in Sources */ = {isa = PBXBuildFile; fileRef = C24301622B91DC6C00C8A188 /* LatestUseResponse.swift */; };
		C254C9CA2B751AA100F5B244 /* LuminAI_iosApp.swift in Sources */ = {isa = PBXBuildFile; fileRef = C254C9C92B751AA100F5B244 /* LuminAI_iosApp.swift */; };
		C254C9CE2B751AA400F5B244 /* Assets.xcassets in Resources */ = {isa = PBXBuildFile; fileRef = C254C9CD2B751AA400F5B244 /* Assets.xcassets */; };
		C254C9D12B751AA400F5B244 /* Preview Assets.xcassets in Resources */ = {isa = PBXBuildFile; fileRef = C254C9D02B751AA400F5B244 /* Preview Assets.xcassets */; };
		C2835B892BA0865E00CEDCC2 /* HomeViewModel.swift in Sources */ = {isa = PBXBuildFile; fileRef = C2835B882BA0865E00CEDCC2 /* HomeViewModel.swift */; };
		C2835B8D2BA08E0800CEDCC2 /* SensorCardStretchedView.swift in Sources */ = {isa = PBXBuildFile; fileRef = C2835B8C2BA08E0800CEDCC2 /* SensorCardStretchedView.swift */; };
		C2835B912BA08E7200CEDCC2 /* MostHappeningAsc.json in Resources */ = {isa = PBXBuildFile; fileRef = C2835B902BA08E7200CEDCC2 /* MostHappeningAsc.json */; };
		C2835B932BA08EF000CEDCC2 /* MostHappeningDesc.json in Resources */ = {isa = PBXBuildFile; fileRef = C2835B922BA08EF000CEDCC2 /* MostHappeningDesc.json */; };
		C2835B952BA1B9EF00CEDCC2 /* HomeBigChartView.swift in Sources */ = {isa = PBXBuildFile; fileRef = C2835B942BA1B9EE00CEDCC2 /* HomeBigChartView.swift */; };
		C2835B9B2BA1C79D00CEDCC2 /* SortBy.swift in Sources */ = {isa = PBXBuildFile; fileRef = C2835B9A2BA1C79D00CEDCC2 /* SortBy.swift */; };
		C2835BA32BA1CC7700CEDCC2 /* UserView.swift in Sources */ = {isa = PBXBuildFile; fileRef = C2835BA22BA1CC7700CEDCC2 /* UserView.swift */; };
		C2835BA52BA1CE1000CEDCC2 /* SensorView.swift in Sources */ = {isa = PBXBuildFile; fileRef = C2835BA42BA1CE1000CEDCC2 /* SensorView.swift */; };
		C2DA33BA2BA2DD1D0068EA88 /* DevicesView.swift in Sources */ = {isa = PBXBuildFile; fileRef = C2DA33B92BA2DD1D0068EA88 /* DevicesView.swift */; };
/* End PBXBuildFile section */

/* Begin PBXFileReference section */
		C243013B2B91BB6700C8A188 /* HomeView.swift */ = {isa = PBXFileReference; lastKnownFileType = sourcecode.swift; path = HomeView.swift; sourceTree = "<group>"; };
		C243013D2B91BC6700C8A188 /* Theme.swift */ = {isa = PBXFileReference; lastKnownFileType = sourcecode.swift; path = Theme.swift; sourceTree = "<group>"; };
		C243013F2B91C1F400C8A188 /* Info.plist */ = {isa = PBXFileReference; lastKnownFileType = text.plist; path = Info.plist; sourceTree = "<group>"; };
		C24301442B91CBD600C8A188 /* PageDataResponse.swift */ = {isa = PBXFileReference; lastKnownFileType = sourcecode.swift; path = PageDataResponse.swift; sourceTree = "<group>"; };
		C24301472B91CC7B00C8A188 /* Models.swift */ = {isa = PBXFileReference; lastKnownFileType = sourcecode.swift; path = Models.swift; sourceTree = "<group>"; };
		C24301492B91CCD600C8A188 /* StaticJSONMapper.swift */ = {isa = PBXFileReference; lastKnownFileType = sourcecode.swift; path = StaticJSONMapper.swift; sourceTree = "<group>"; };
		C243014E2B91D54B00C8A188 /* Symbols.swift */ = {isa = PBXFileReference; lastKnownFileType = sourcecode.swift; path = Symbols.swift; sourceTree = "<group>"; };
		C243015A2B91D8DB00C8A188 /* SensorCardView.swift */ = {isa = PBXFileReference; lastKnownFileType = sourcecode.swift; path = SensorCardView.swift; sourceTree = "<group>"; };
		C24301622B91DC6C00C8A188 /* LatestUseResponse.swift */ = {isa = PBXFileReference; lastKnownFileType = sourcecode.swift; path = LatestUseResponse.swift; sourceTree = "<group>"; };
		C254C9C62B751AA100F5B244 /* LuminAI-ios.app */ = {isa = PBXFileReference; explicitFileType = wrapper.application; includeInIndex = 0; path = "LuminAI-ios.app"; sourceTree = BUILT_PRODUCTS_DIR; };
		C254C9C92B751AA100F5B244 /* LuminAI_iosApp.swift */ = {isa = PBXFileReference; lastKnownFileType = sourcecode.swift; path = LuminAI_iosApp.swift; sourceTree = "<group>"; };
		C254C9CD2B751AA400F5B244 /* Assets.xcassets */ = {isa = PBXFileReference; lastKnownFileType = folder.assetcatalog; path = Assets.xcassets; sourceTree = "<group>"; };
		C254C9D02B751AA400F5B244 /* Preview Assets.xcassets */ = {isa = PBXFileReference; lastKnownFileType = folder.assetcatalog; path = "Preview Assets.xcassets"; sourceTree = "<group>"; };
		C2835B882BA0865E00CEDCC2 /* HomeViewModel.swift */ = {isa = PBXFileReference; lastKnownFileType = sourcecode.swift; path = HomeViewModel.swift; sourceTree = "<group>"; };
		C2835B8C2BA08E0800CEDCC2 /* SensorCardStretchedView.swift */ = {isa = PBXFileReference; lastKnownFileType = sourcecode.swift; path = SensorCardStretchedView.swift; sourceTree = "<group>"; };
		C2835B902BA08E7200CEDCC2 /* MostHappeningAsc.json */ = {isa = PBXFileReference; lastKnownFileType = text.json; path = MostHappeningAsc.json; sourceTree = "<group>"; };
		C2835B922BA08EF000CEDCC2 /* MostHappeningDesc.json */ = {isa = PBXFileReference; lastKnownFileType = text.json; path = MostHappeningDesc.json; sourceTree = "<group>"; };
		C2835B942BA1B9EE00CEDCC2 /* HomeBigChartView.swift */ = {isa = PBXFileReference; lastKnownFileType = sourcecode.swift; path = HomeBigChartView.swift; sourceTree = "<group>"; };
		C2835B9A2BA1C79D00CEDCC2 /* SortBy.swift */ = {isa = PBXFileReference; lastKnownFileType = sourcecode.swift; path = SortBy.swift; sourceTree = "<group>"; };
		C2835BA22BA1CC7700CEDCC2 /* UserView.swift */ = {isa = PBXFileReference; lastKnownFileType = sourcecode.swift; path = UserView.swift; sourceTree = "<group>"; };
		C2835BA42BA1CE1000CEDCC2 /* SensorView.swift */ = {isa = PBXFileReference; lastKnownFileType = sourcecode.swift; path = SensorView.swift; sourceTree = "<group>"; };
		C2DA33B92BA2DD1D0068EA88 /* DevicesView.swift */ = {isa = PBXFileReference; lastKnownFileType = sourcecode.swift; path = DevicesView.swift; sourceTree = "<group>"; };
/* End PBXFileReference section */

/* Begin PBXFrameworksBuildPhase section */
		C254C9C32B751AA100F5B244 /* Frameworks */ = {
			isa = PBXFrameworksBuildPhase;
			buildActionMask = 2147483647;
			files = (
			);
			runOnlyForDeploymentPostprocessing = 0;
		};
/* End PBXFrameworksBuildPhase section */

/* Begin PBXGroup section */
		C24301412B91C91200C8A188 /* JSON */ = {
			isa = PBXGroup;
			children = (
				C2835B902BA08E7200CEDCC2 /* MostHappeningAsc.json */,
				C2835B922BA08EF000CEDCC2 /* MostHappeningDesc.json */,
			);
			path = JSON;
			sourceTree = "<group>";
		};
		C24301462B91CC6B00C8A188 /* Model */ = {
			isa = PBXGroup;
			children = (
				C24301472B91CC7B00C8A188 /* Models.swift */,
			);
			path = Model;
			sourceTree = "<group>";
		};
		C243014B2B91CCDA00C8A188 /* Mapper */ = {
			isa = PBXGroup;
			children = (
				C24301492B91CCD600C8A188 /* StaticJSONMapper.swift */,
			);
			path = Mapper;
			sourceTree = "<group>";
		};
		C24301502B91D81100C8A188 /* Calendar */ = {
			isa = PBXGroup;
			children = (
				C24301532B91D82800C8A188 /* Views */,
				C24301522B91D82300C8A188 /* Model */,
				C24301512B91D81C00C8A188 /* ViewModel */,
			);
			path = Calendar;
			sourceTree = "<group>";
		};
		C24301512B91D81C00C8A188 /* ViewModel */ = {
			isa = PBXGroup;
			children = (
			);
			path = ViewModel;
			sourceTree = "<group>";
		};
		C24301522B91D82300C8A188 /* Model */ = {
			isa = PBXGroup;
			children = (
			);
			path = Model;
			sourceTree = "<group>";
		};
		C24301532B91D82800C8A188 /* Views */ = {
			isa = PBXGroup;
			children = (
			);
			path = Views;
			sourceTree = "<group>";
		};
		C24301642B91E09F00C8A188 /* API */ = {
			isa = PBXGroup;
			children = (
			);
			path = API;
			sourceTree = "<group>";
		};
		C2474C632B760D560025B82D /* Resources */ = {
			isa = PBXGroup;
			children = (
				C24301412B91C91200C8A188 /* JSON */,
				C243013D2B91BC6700C8A188 /* Theme.swift */,
				C243014E2B91D54B00C8A188 /* Symbols.swift */,
			);
			path = Resources;
			sourceTree = "<group>";
		};
		C2474C642B760DD40025B82D /* Features */ = {
			isa = PBXGroup;
			children = (
				C2835BA62BA1D33500CEDCC2 /* Devices */,
				C2835BA02BA1CC6300CEDCC2 /* User */,
				C24301502B91D81100C8A188 /* Calendar */,
				C2474C7A2B7619370025B82D /* Sensor */,
				C2474C752B760FE40025B82D /* Home */,
			);
			path = Features;
			sourceTree = "<group>";
		};
		C2474C732B760EB30025B82D /* Base */ = {
			isa = PBXGroup;
			children = (
				C2DA33B62BA22E800068EA88 /* Extensions */,
				C24301642B91E09F00C8A188 /* API */,
				C243014B2B91CCDA00C8A188 /* Mapper */,
				C24301462B91CC6B00C8A188 /* Model */,
				C2474C742B760EBA0025B82D /* Views */,
			);
			path = Base;
			sourceTree = "<group>";
		};
		C2474C742B760EBA0025B82D /* Views */ = {
			isa = PBXGroup;
			children = (
				C243015A2B91D8DB00C8A188 /* SensorCardView.swift */,
				C2835B8C2BA08E0800CEDCC2 /* SensorCardStretchedView.swift */,
			);
			path = Views;
			sourceTree = "<group>";
		};
		C2474C752B760FE40025B82D /* Home */ = {
			isa = PBXGroup;
			children = (
				C2474C792B7610540025B82D /* ViewModels */,
				C2474C782B7610470025B82D /* Model */,
				C2474C762B7610240025B82D /* Views */,
			);
			path = Home;
			sourceTree = "<group>";
		};
		C2474C762B7610240025B82D /* Views */ = {
			isa = PBXGroup;
			children = (
				C243013B2B91BB6700C8A188 /* HomeView.swift */,
				C2835B942BA1B9EE00CEDCC2 /* HomeBigChartView.swift */,
			);
			path = Views;
			sourceTree = "<group>";
		};
		C2474C782B7610470025B82D /* Model */ = {
			isa = PBXGroup;
			children = (
				C24301442B91CBD600C8A188 /* PageDataResponse.swift */,
				C24301622B91DC6C00C8A188 /* LatestUseResponse.swift */,
				C2835B9A2BA1C79D00CEDCC2 /* SortBy.swift */,
			);
			path = Model;
			sourceTree = "<group>";
		};
		C2474C792B7610540025B82D /* ViewModels */ = {
			isa = PBXGroup;
			children = (
				C2835B882BA0865E00CEDCC2 /* HomeViewModel.swift */,
			);
			path = ViewModels;
			sourceTree = "<group>";
		};
		C2474C7A2B7619370025B82D /* Sensor */ = {
			isa = PBXGroup;
			children = (
				C2474C7D2B76194C0025B82D /* ViewModel */,
				C2474C7C2B7619470025B82D /* Model */,
				C2474C7B2B76193D0025B82D /* Views */,
			);
			path = Sensor;
			sourceTree = "<group>";
		};
		C2474C7B2B76193D0025B82D /* Views */ = {
			isa = PBXGroup;
			children = (
				C2835BA42BA1CE1000CEDCC2 /* SensorView.swift */,
			);
			path = Views;
			sourceTree = "<group>";
		};
		C2474C7C2B7619470025B82D /* Model */ = {
			isa = PBXGroup;
			children = (
			);
			path = Model;
			sourceTree = "<group>";
		};
		C2474C7D2B76194C0025B82D /* ViewModel */ = {
			isa = PBXGroup;
			children = (
			);
			path = ViewModel;
			sourceTree = "<group>";
		};
		C254C9BD2B751AA100F5B244 = {
			isa = PBXGroup;
			children = (
				C254C9C82B751AA100F5B244 /* LuminAI-ios */,
				C254C9C72B751AA100F5B244 /* Products */,
			);
			sourceTree = "<group>";
		};
		C254C9C72B751AA100F5B244 /* Products */ = {
			isa = PBXGroup;
			children = (
				C254C9C62B751AA100F5B244 /* LuminAI-ios.app */,
			);
			name = Products;
			sourceTree = "<group>";
		};
		C254C9C82B751AA100F5B244 /* LuminAI-ios */ = {
			isa = PBXGroup;
			children = (
				C243013F2B91C1F400C8A188 /* Info.plist */,
				C2474C732B760EB30025B82D /* Base */,
				C2474C642B760DD40025B82D /* Features */,
				C2474C632B760D560025B82D /* Resources */,
				C254C9C92B751AA100F5B244 /* LuminAI_iosApp.swift */,
				C254C9CD2B751AA400F5B244 /* Assets.xcassets */,
				C254C9CF2B751AA400F5B244 /* Preview Content */,
			);
			path = "LuminAI-ios";
			sourceTree = "<group>";
		};
		C254C9CF2B751AA400F5B244 /* Preview Content */ = {
			isa = PBXGroup;
			children = (
				C254C9D02B751AA400F5B244 /* Preview Assets.xcassets */,
			);
			path = "Preview Content";
			sourceTree = "<group>";
		};
		C2835BA02BA1CC6300CEDCC2 /* User */ = {
			isa = PBXGroup;
			children = (
				C2835BA12BA1CC6900CEDCC2 /* Views */,
			);
			path = User;
			sourceTree = "<group>";
		};
		C2835BA12BA1CC6900CEDCC2 /* Views */ = {
			isa = PBXGroup;
			children = (
				C2835BA22BA1CC7700CEDCC2 /* UserView.swift */,
			);
			path = Views;
			sourceTree = "<group>";
		};
		C2835BA62BA1D33500CEDCC2 /* Devices */ = {
			isa = PBXGroup;
			children = (
				C2835BAC2BA1D36600CEDCC2 /* ViewModels */,
				C2835BAA2BA1D35300CEDCC2 /* Model */,
				C2835BA72BA1D33F00CEDCC2 /* Views */,
			);
			path = Devices;
			sourceTree = "<group>";
		};
		C2835BA72BA1D33F00CEDCC2 /* Views */ = {
			isa = PBXGroup;
			children = (
				C2DA33B92BA2DD1D0068EA88 /* DevicesView.swift */,
			);
			path = Views;
			sourceTree = "<group>";
		};
		C2835BAA2BA1D35300CEDCC2 /* Model */ = {
			isa = PBXGroup;
			children = (
			);
			path = Model;
			sourceTree = "<group>";
		};
		C2835BAC2BA1D36600CEDCC2 /* ViewModels */ = {
			isa = PBXGroup;
			children = (
			);
			path = ViewModels;
			sourceTree = "<group>";
		};
		C2DA33B62BA22E800068EA88 /* Extensions */ = {
			isa = PBXGroup;
			children = (
			);
			path = Extensions;
			sourceTree = "<group>";
		};
/* End PBXGroup section */

/* Begin PBXNativeTarget section */
		C254C9C52B751AA100F5B244 /* LuminAI-ios */ = {
			isa = PBXNativeTarget;
			buildConfigurationList = C254C9D42B751AA400F5B244 /* Build configuration list for PBXNativeTarget "LuminAI-ios" */;
			buildPhases = (
				C254C9C22B751AA100F5B244 /* Sources */,
				C254C9C32B751AA100F5B244 /* Frameworks */,
				C254C9C42B751AA100F5B244 /* Resources */,
			);
			buildRules = (
			);
			dependencies = (
			);
			name = "LuminAI-ios";
			productName = "LuminAI-ios";
			productReference = C254C9C62B751AA100F5B244 /* LuminAI-ios.app */;
			productType = "com.apple.product-type.application";
		};
/* End PBXNativeTarget section */

/* Begin PBXProject section */
		C254C9BE2B751AA100F5B244 /* Project object */ = {
			isa = PBXProject;
			attributes = {
				BuildIndependentTargetsInParallel = 1;
				LastSwiftUpdateCheck = 1520;
				LastUpgradeCheck = 1520;
				TargetAttributes = {
					C254C9C52B751AA100F5B244 = {
						CreatedOnToolsVersion = 15.2;
					};
				};
			};
			buildConfigurationList = C254C9C12B751AA100F5B244 /* Build configuration list for PBXProject "LuminAI-ios" */;
			compatibilityVersion = "Xcode 14.0";
			developmentRegion = en;
			hasScannedForEncodings = 0;
			knownRegions = (
				en,
				Base,
			);
			mainGroup = C254C9BD2B751AA100F5B244;
			productRefGroup = C254C9C72B751AA100F5B244 /* Products */;
			projectDirPath = "";
			projectRoot = "";
			targets = (
				C254C9C52B751AA100F5B244 /* LuminAI-ios */,
			);
		};
/* End PBXProject section */

/* Begin PBXResourcesBuildPhase section */
		C254C9C42B751AA100F5B244 /* Resources */ = {
			isa = PBXResourcesBuildPhase;
			buildActionMask = 2147483647;
			files = (
				C254C9D12B751AA400F5B244 /* Preview Assets.xcassets in Resources */,
				C254C9CE2B751AA400F5B244 /* Assets.xcassets in Resources */,
				C2835B932BA08EF000CEDCC2 /* MostHappeningDesc.json in Resources */,
				C2835B912BA08E7200CEDCC2 /* MostHappeningAsc.json in Resources */,
			);
			runOnlyForDeploymentPostprocessing = 0;
		};
/* End PBXResourcesBuildPhase section */

/* Begin PBXSourcesBuildPhase section */
		C254C9C22B751AA100F5B244 /* Sources */ = {
			isa = PBXSourcesBuildPhase;
			buildActionMask = 2147483647;
			files = (
				C2835B9B2BA1C79D00CEDCC2 /* SortBy.swift in Sources */,
				C243013C2B91BB6700C8A188 /* HomeView.swift in Sources */,
				C2835BA52BA1CE1000CEDCC2 /* SensorView.swift in Sources */,
				C243013E2B91BC6700C8A188 /* Theme.swift in Sources */,
				C2835BA32BA1CC7700CEDCC2 /* UserView.swift in Sources */,
				C2835B8D2BA08E0800CEDCC2 /* SensorCardStretchedView.swift in Sources */,
				C24301482B91CC7B00C8A188 /* Models.swift in Sources */,
				C2835B892BA0865E00CEDCC2 /* HomeViewModel.swift in Sources */,
				C254C9CA2B751AA100F5B244 /* LuminAI_iosApp.swift in Sources */,
				C243014A2B91CCD600C8A188 /* StaticJSONMapper.swift in Sources */,
				C2DA33BA2BA2DD1D0068EA88 /* DevicesView.swift in Sources */,
				C24301632B91DC6C00C8A188 /* LatestUseResponse.swift in Sources */,
				C24301452B91CBD600C8A188 /* PageDataResponse.swift in Sources */,
				C2835B952BA1B9EF00CEDCC2 /* HomeBigChartView.swift in Sources */,
				C243014F2B91D54B00C8A188 /* Symbols.swift in Sources */,
				C243015B2B91D8DB00C8A188 /* SensorCardView.swift in Sources */,
			);
			runOnlyForDeploymentPostprocessing = 0;
		};
/* End PBXSourcesBuildPhase section */

/* Begin XCBuildConfiguration section */
		C254C9D22B751AA400F5B244 /* Debug */ = {
			isa = XCBuildConfiguration;
			buildSettings = {
				ALWAYS_SEARCH_USER_PATHS = NO;
				ASSETCATALOG_COMPILER_GENERATE_SWIFT_ASSET_SYMBOL_EXTENSIONS = YES;
				CLANG_ANALYZER_NONNULL = YES;
				CLANG_ANALYZER_NUMBER_OBJECT_CONVERSION = YES_AGGRESSIVE;
				CLANG_CXX_LANGUAGE_STANDARD = "gnu++20";
				CLANG_ENABLE_MODULES = YES;
				CLANG_ENABLE_OBJC_ARC = YES;
				CLANG_ENABLE_OBJC_WEAK = YES;
				CLANG_WARN_BLOCK_CAPTURE_AUTORELEASING = YES;
				CLANG_WARN_BOOL_CONVERSION = YES;
				CLANG_WARN_COMMA = YES;
				CLANG_WARN_CONSTANT_CONVERSION = YES;
				CLANG_WARN_DEPRECATED_OBJC_IMPLEMENTATIONS = YES;
				CLANG_WARN_DIRECT_OBJC_ISA_USAGE = YES_ERROR;
				CLANG_WARN_DOCUMENTATION_COMMENTS = YES;
				CLANG_WARN_EMPTY_BODY = YES;
				CLANG_WARN_ENUM_CONVERSION = YES;
				CLANG_WARN_INFINITE_RECURSION = YES;
				CLANG_WARN_INT_CONVERSION = YES;
				CLANG_WARN_NON_LITERAL_NULL_CONVERSION = YES;
				CLANG_WARN_OBJC_IMPLICIT_RETAIN_SELF = YES;
				CLANG_WARN_OBJC_LITERAL_CONVERSION = YES;
				CLANG_WARN_OBJC_ROOT_CLASS = YES_ERROR;
				CLANG_WARN_QUOTED_INCLUDE_IN_FRAMEWORK_HEADER = YES;
				CLANG_WARN_RANGE_LOOP_ANALYSIS = YES;
				CLANG_WARN_STRICT_PROTOTYPES = YES;
				CLANG_WARN_SUSPICIOUS_MOVE = YES;
				CLANG_WARN_UNGUARDED_AVAILABILITY = YES_AGGRESSIVE;
				CLANG_WARN_UNREACHABLE_CODE = YES;
				CLANG_WARN__DUPLICATE_METHOD_MATCH = YES;
				COPY_PHASE_STRIP = NO;
				DEBUG_INFORMATION_FORMAT = dwarf;
				ENABLE_STRICT_OBJC_MSGSEND = YES;
				ENABLE_TESTABILITY = YES;
				ENABLE_USER_SCRIPT_SANDBOXING = YES;
				GCC_C_LANGUAGE_STANDARD = gnu17;
				GCC_DYNAMIC_NO_PIC = NO;
				GCC_NO_COMMON_BLOCKS = YES;
				GCC_OPTIMIZATION_LEVEL = 0;
				GCC_PREPROCESSOR_DEFINITIONS = (
					"DEBUG=1",
					"$(inherited)",
				);
				GCC_WARN_64_TO_32_BIT_CONVERSION = YES;
				GCC_WARN_ABOUT_RETURN_TYPE = YES_ERROR;
				GCC_WARN_UNDECLARED_SELECTOR = YES;
				GCC_WARN_UNINITIALIZED_AUTOS = YES_AGGRESSIVE;
				GCC_WARN_UNUSED_FUNCTION = YES;
				GCC_WARN_UNUSED_VARIABLE = YES;
				IPHONEOS_DEPLOYMENT_TARGET = 17.2;
				LOCALIZATION_PREFERS_STRING_CATALOGS = YES;
				MTL_ENABLE_DEBUG_INFO = INCLUDE_SOURCE;
				MTL_FAST_MATH = YES;
				ONLY_ACTIVE_ARCH = YES;
				SDKROOT = iphoneos;
				SWIFT_ACTIVE_COMPILATION_CONDITIONS = "DEBUG $(inherited)";
				SWIFT_OPTIMIZATION_LEVEL = "-Onone";
			};
			name = Debug;
		};
		C254C9D32B751AA400F5B244 /* Release */ = {
			isa = XCBuildConfiguration;
			buildSettings = {
				ALWAYS_SEARCH_USER_PATHS = NO;
				ASSETCATALOG_COMPILER_GENERATE_SWIFT_ASSET_SYMBOL_EXTENSIONS = YES;
				CLANG_ANALYZER_NONNULL = YES;
				CLANG_ANALYZER_NUMBER_OBJECT_CONVERSION = YES_AGGRESSIVE;
				CLANG_CXX_LANGUAGE_STANDARD = "gnu++20";
				CLANG_ENABLE_MODULES = YES;
				CLANG_ENABLE_OBJC_ARC = YES;
				CLANG_ENABLE_OBJC_WEAK = YES;
				CLANG_WARN_BLOCK_CAPTURE_AUTORELEASING = YES;
				CLANG_WARN_BOOL_CONVERSION = YES;
				CLANG_WARN_COMMA = YES;
				CLANG_WARN_CONSTANT_CONVERSION = YES;
				CLANG_WARN_DEPRECATED_OBJC_IMPLEMENTATIONS = YES;
				CLANG_WARN_DIRECT_OBJC_ISA_USAGE = YES_ERROR;
				CLANG_WARN_DOCUMENTATION_COMMENTS = YES;
				CLANG_WARN_EMPTY_BODY = YES;
				CLANG_WARN_ENUM_CONVERSION = YES;
				CLANG_WARN_INFINITE_RECURSION = YES;
				CLANG_WARN_INT_CONVERSION = YES;
				CLANG_WARN_NON_LITERAL_NULL_CONVERSION = YES;
				CLANG_WARN_OBJC_IMPLICIT_RETAIN_SELF = YES;
				CLANG_WARN_OBJC_LITERAL_CONVERSION = YES;
				CLANG_WARN_OBJC_ROOT_CLASS = YES_ERROR;
				CLANG_WARN_QUOTED_INCLUDE_IN_FRAMEWORK_HEADER = YES;
				CLANG_WARN_RANGE_LOOP_ANALYSIS = YES;
				CLANG_WARN_STRICT_PROTOTYPES = YES;
				CLANG_WARN_SUSPICIOUS_MOVE = YES;
				CLANG_WARN_UNGUARDED_AVAILABILITY = YES_AGGRESSIVE;
				CLANG_WARN_UNREACHABLE_CODE = YES;
				CLANG_WARN__DUPLICATE_METHOD_MATCH = YES;
				COPY_PHASE_STRIP = NO;
				DEBUG_INFORMATION_FORMAT = "dwarf-with-dsym";
				ENABLE_NS_ASSERTIONS = NO;
				ENABLE_STRICT_OBJC_MSGSEND = YES;
				ENABLE_USER_SCRIPT_SANDBOXING = YES;
				GCC_C_LANGUAGE_STANDARD = gnu17;
				GCC_NO_COMMON_BLOCKS = YES;
				GCC_WARN_64_TO_32_BIT_CONVERSION = YES;
				GCC_WARN_ABOUT_RETURN_TYPE = YES_ERROR;
				GCC_WARN_UNDECLARED_SELECTOR = YES;
				GCC_WARN_UNINITIALIZED_AUTOS = YES_AGGRESSIVE;
				GCC_WARN_UNUSED_FUNCTION = YES;
				GCC_WARN_UNUSED_VARIABLE = YES;
				IPHONEOS_DEPLOYMENT_TARGET = 17.2;
				LOCALIZATION_PREFERS_STRING_CATALOGS = YES;
				MTL_ENABLE_DEBUG_INFO = NO;
				MTL_FAST_MATH = YES;
				SDKROOT = iphoneos;
				SWIFT_COMPILATION_MODE = wholemodule;
				VALIDATE_PRODUCT = YES;
			};
			name = Release;
		};
		C254C9D52B751AA400F5B244 /* Debug */ = {
			isa = XCBuildConfiguration;
			buildSettings = {
				ASSETCATALOG_COMPILER_APPICON_NAME = AppIcon;
				ASSETCATALOG_COMPILER_GLOBAL_ACCENT_COLOR_NAME = AccentColor;
				CODE_SIGN_STYLE = Automatic;
				CURRENT_PROJECT_VERSION = 1;
				DEVELOPMENT_ASSET_PATHS = "\"LuminAI-ios/Preview Content\"";
				DEVELOPMENT_TEAM = VT932PL78W;
				ENABLE_PREVIEWS = YES;
				GENERATE_INFOPLIST_FILE = YES;
				INFOPLIST_FILE = "LuminAI-ios/Info.plist";
				INFOPLIST_KEY_UIApplicationSceneManifest_Generation = YES;
				INFOPLIST_KEY_UIApplicationSupportsIndirectInputEvents = YES;
				INFOPLIST_KEY_UISupportedInterfaceOrientations_iPad = "UIInterfaceOrientationPortrait UIInterfaceOrientationPortraitUpsideDown UIInterfaceOrientationLandscapeLeft UIInterfaceOrientationLandscapeRight";
				INFOPLIST_KEY_UISupportedInterfaceOrientations_iPhone = "UIInterfaceOrientationPortrait UIInterfaceOrientationLandscapeLeft UIInterfaceOrientationLandscapeRight";
				LD_RUNPATH_SEARCH_PATHS = (
					"$(inherited)",
					"@executable_path/Frameworks",
				);
				MARKETING_VERSION = 1.0;
				PRODUCT_BUNDLE_IDENTIFIER = "at.htlleonding.LuminAI-ios";
				PRODUCT_NAME = "$(TARGET_NAME)";
				SWIFT_EMIT_LOC_STRINGS = YES;
				SWIFT_VERSION = 5.0;
				TARGETED_DEVICE_FAMILY = "1,2";
			};
			name = Debug;
		};
		C254C9D62B751AA400F5B244 /* Release */ = {
			isa = XCBuildConfiguration;
			buildSettings = {
				ASSETCATALOG_COMPILER_APPICON_NAME = AppIcon;
				ASSETCATALOG_COMPILER_GLOBAL_ACCENT_COLOR_NAME = AccentColor;
				CODE_SIGN_STYLE = Automatic;
				CURRENT_PROJECT_VERSION = 1;
				DEVELOPMENT_ASSET_PATHS = "\"LuminAI-ios/Preview Content\"";
				DEVELOPMENT_TEAM = VT932PL78W;
				ENABLE_PREVIEWS = YES;
				GENERATE_INFOPLIST_FILE = YES;
				INFOPLIST_FILE = "LuminAI-ios/Info.plist";
				INFOPLIST_KEY_UIApplicationSceneManifest_Generation = YES;
				INFOPLIST_KEY_UIApplicationSupportsIndirectInputEvents = YES;
				INFOPLIST_KEY_UISupportedInterfaceOrientations_iPad = "UIInterfaceOrientationPortrait UIInterfaceOrientationPortraitUpsideDown UIInterfaceOrientationLandscapeLeft UIInterfaceOrientationLandscapeRight";
				INFOPLIST_KEY_UISupportedInterfaceOrientations_iPhone = "UIInterfaceOrientationPortrait UIInterfaceOrientationLandscapeLeft UIInterfaceOrientationLandscapeRight";
				LD_RUNPATH_SEARCH_PATHS = (
					"$(inherited)",
					"@executable_path/Frameworks",
				);
				MARKETING_VERSION = 1.0;
				PRODUCT_BUNDLE_IDENTIFIER = "at.htlleonding.LuminAI-ios";
				PRODUCT_NAME = "$(TARGET_NAME)";
				SWIFT_EMIT_LOC_STRINGS = YES;
				SWIFT_VERSION = 5.0;
				TARGETED_DEVICE_FAMILY = "1,2";
			};
			name = Release;
		};
/* End XCBuildConfiguration section */

/* Begin XCConfigurationList section */
		C254C9C12B751AA100F5B244 /* Build configuration list for PBXProject "LuminAI-ios" */ = {
			isa = XCConfigurationList;
			buildConfigurations = (
				C254C9D22B751AA400F5B244 /* Debug */,
				C254C9D32B751AA400F5B244 /* Release */,
			);
			defaultConfigurationIsVisible = 0;
			defaultConfigurationName = Release;
		};
		C254C9D42B751AA400F5B244 /* Build configuration list for PBXNativeTarget "LuminAI-ios" */ = {
			isa = XCConfigurationList;
			buildConfigurations = (
				C254C9D52B751AA400F5B244 /* Debug */,
				C254C9D62B751AA400F5B244 /* Release */,
			);
			defaultConfigurationIsVisible = 0;
			defaultConfigurationName = Release;
		};
/* End XCConfigurationList section */
	};
	rootObject = C254C9BE2B751AA100F5B244 /* Project object */;
}
